# This file is auto-generated by saga. Do not edit.

[deps.cowlib]
hex = "cowlib"
version = "2.16.0"
checksum = "7f478d80d66b747344f0ea7708c187645cfcc08b11aa424632f78e25bf05db51"

[deps.ranch]
hex = "ranch"
version = "2.2.0"
checksum = "fa0b99a1780c80218a4197a59ea8d3bdae32fbff7e88527d7d8a4787eff4f8e7"

[deps.cowboy]
hex = "cowboy"
version = "2.14.2"
checksum = "569081da046e7b41b5df36aa359be71a0c8874e5b9cff6f747073fc57baf1ab9"
